
Microsoft Visual Studio Solution File, Format Version 12.00
# Visual Studio Version 17
VisualStudioVersion = 17.13.35806.99 d17.13
MinimumVisualStudioVersion = 10.0.40219.1
Project("{FAE04EC0-301F-11D3-BF4B-00C04F79EFBC}") = "Wpf-Task-Tracker", "Wpf-Task-Tracker\Wpf-Task-Tracker.csproj", "{83F444F4-2EF9-4177-B2AA-15EF1434E6C1}"
EndProject
Global
	GlobalSection(SolutionConfigurationPlatforms) = preSolution
		Debug|Any CPU = Debug|Any CPU
		Release|Any CPU = Release|Any CPU
	EndGlobalSection
	GlobalSection(ProjectConfigurationPlatforms) = postSolution
		{83F444F4-2EF9-4177-B2AA-15EF1434E6C1}.Debug|Any CPU.ActiveCfg = Debug|Any CPU
		{83F444F4-2EF9-4177-B2AA-15EF1434E6C1}.Debug|Any CPU.Build.0 = Debug|Any CPU
		{83F444F4-2EF9-4177-B2AA-15EF1434E6C1}.Release|Any CPU.ActiveCfg = Release|Any CPU
		{83F444F4-2EF9-4177-B2AA-15EF1434E6C1}.Release|Any CPU.Build.0 = Release|Any CPU
	EndGlobalSection
	GlobalSection(SolutionProperties) = preSolution
		HideSolutionNode = FALSE
	EndGlobalSection
	GlobalSection(ExtensibilityGlobals) = postSolution
		SolutionGuid = {39B56F52-39BE-4EEA-B4EE-56F605D37261}
	EndGlobalSection
EndGlobal
